
Microsoft Visual Studio Solution File, Format Version 12.00
# Visual Studio 15
VisualStudioVersion = 15.0.26430.12
MinimumVisualStudioVersion = 10.0.40219.1
Project("{FAE04EC0-301F-11D3-BF4B-00C04F79EFBC}") = "Monopoly", "Monopoly\Monopoly.csproj", "{C85FB5E4-1CB6-4E70-96FC-E0FD488274FE}"
EndProject
Project("{FAE04EC0-301F-11D3-BF4B-00C04F79EFBC}") = "MonopolyTest", "MonopolyTest\MonopolyTest.csproj", "{4223DF31-0891-44C4-A313-C50792C5CEEB}"
EndProject
Global
	GlobalSection(SolutionConfigurationPlatforms) = preSolution
		Debug|Any CPU = Debug|Any CPU
		Release|Any CPU = Release|Any CPU
	EndGlobalSection
	GlobalSection(ProjectConfigurationPlatforms) = postSolution
		{C85FB5E4-1CB6-4E70-96FC-E0FD488274FE}.Debug|Any CPU.ActiveCfg = Debug|Any CPU
		{C85FB5E4-1CB6-4E70-96FC-E0FD488274FE}.Debug|Any CPU.Build.0 = Debug|Any CPU
		{C85FB5E4-1CB6-4E70-96FC-E0FD488274FE}.Release|Any CPU.ActiveCfg = Release|Any CPU
		{C85FB5E4-1CB6-4E70-96FC-E0FD488274FE}.Release|Any CPU.Build.0 = Release|Any CPU
		{4223DF31-0891-44C4-A313-C50792C5CEEB}.Debug|Any CPU.ActiveCfg = Debug|Any CPU
		{4223DF31-0891-44C4-A313-C50792C5CEEB}.Debug|Any CPU.Build.0 = Debug|Any CPU
		{4223DF31-0891-44C4-A313-C50792C5CEEB}.Release|Any CPU.ActiveCfg = Release|Any CPU
		{4223DF31-0891-44C4-A313-C50792C5CEEB}.Release|Any CPU.Build.0 = Release|Any CPU
	EndGlobalSection
	GlobalSection(SolutionProperties) = preSolution
		HideSolutionNode = FALSE
	EndGlobalSection
EndGlobal
